{
  "lockfile_version": "1",
  "packages": {
    "arrow-cpp@latest": {
      "last_modified": "2025-06-05T08:10:37Z",
      "resolved": "github:NixOS/nixpkgs/ec62ae342c340d24289735e31eb9155261cd5fe7#arrow-cpp",
      "source": "devbox-search",
      "version": "20.0.0",
      "systems": {
        "aarch64-darwin": {
          "outputs": [
            {
              "name": "out",
              "path": "/nix/store/64faw120x893wim6qqkin1mp04lk40qy-arrow-cpp-20.0.0",
              "default": true
            }
          ],
          "store_path": "/nix/store/64faw120x893wim6qqkin1mp04lk40qy-arrow-cpp-20.0.0"
        },
        "aarch64-linux": {
          "outputs": [
            {
              "name": "out",
              "path": "/nix/store/iq6kf9590iqdmii94n0r35fzni626n4s-arrow-cpp-20.0.0",
              "default": true
            }
          ],
          "store_path": "/nix/store/iq6kf9590iqdmii94n0r35fzni626n4s-arrow-cpp-20.0.0"
        },
        "x86_64-darwin": {
          "outputs": [
            {
              "name": "out",
              "path": "/nix/store/pas47dq4llmcqznbgrpwhcy7d6h42957-arrow-cpp-20.0.0",
              "default": true
            }
          ],
          "store_path": "/nix/store/pas47dq4llmcqznbgrpwhcy7d6h42957-arrow-cpp-20.0.0"
        },
        "x86_64-linux": {
          "outputs": [
            {
              "name": "out",
              "path": "/nix/store/f4frxl8gjbq67c18k94znhv3p1swcpy2-arrow-cpp-20.0.0",
              "default": true
            }
          ],
          "store_path": "/nix/store/f4frxl8gjbq67c18k94znhv3p1swcpy2-arrow-cpp-20.0.0"
        }
      }
    },
    "clang-tools@latest": {
      "last_modified": "2025-05-16T20:19:48Z",
      "resolved": "github:NixOS/nixpkgs/12a55407652e04dcf2309436eb06fef0d3713ef3#clang-tools",
      "source": "devbox-search",
      "version": "19.1.7",
      "systems": {
        "aarch64-darwin": {
          "outputs": [
            {
              "name": "out",
              "path": "/nix/store/d12c7ny0s98iiycg0b2a4pdqn6fg97a2-clang-tools-19.1.7",
              "default": true
            }
          ],
          "store_path": "/nix/store/d12c7ny0s98iiycg0b2a4pdqn6fg97a2-clang-tools-19.1.7"
        },
        "aarch64-linux": {
          "outputs": [
            {
              "name": "out",
              "path": "/nix/store/dkkmczwslzdvk128sfvmp9xgrg0s2yby-clang-tools-19.1.7",
              "default": true
            }
          ],
          "store_path": "/nix/store/dkkmczwslzdvk128sfvmp9xgrg0s2yby-clang-tools-19.1.7"
        },
        "x86_64-darwin": {
          "outputs": [
            {
              "name": "out",
              "path": "/nix/store/22h6pcivzrx1nzrkxjgwy0j0n7mcidd4-clang-tools-19.1.7",
              "default": true
            }
          ],
          "store_path": "/nix/store/22h6pcivzrx1nzrkxjgwy0j0n7mcidd4-clang-tools-19.1.7"
        },
        "x86_64-linux": {
          "outputs": [
            {
              "name": "out",
              "path": "/nix/store/06gf7f983rjm28pmycy732hdj4i7x0v8-clang-tools-19.1.7",
              "default": true
            }
          ],
          "store_path": "/nix/store/06gf7f983rjm28pmycy732hdj4i7x0v8-clang-tools-19.1.7"
        }
      }
    },
    "clang@latest": {
      "last_modified": "2025-05-16T20:19:48Z",
      "resolved": "github:NixOS/nixpkgs/12a55407652e04dcf2309436eb06fef0d3713ef3#clang",
      "source": "devbox-search",
      "version": "19.1.7",
      "systems": {
        "aarch64-darwin": {
          "outputs": [
            {
              "name": "out",
              "path": "/nix/store/cvhbqa01i5yy7xmmpqp1hbnvq7kpvgsx-clang-wrapper-19.1.7",
              "default": true
            }
          ],
          "store_path": "/nix/store/cvhbqa01i5yy7xmmpqp1hbnvq7kpvgsx-clang-wrapper-19.1.7"
        },
        "aarch64-linux": {
          "outputs": [
            {
              "name": "out",
              "path": "/nix/store/vp6zgsnwkqjn89lgdkizr2vpxp6zvv9m-clang-wrapper-19.1.7",
              "default": true
            }
          ],
          "store_path": "/nix/store/vp6zgsnwkqjn89lgdkizr2vpxp6zvv9m-clang-wrapper-19.1.7"
        },
        "x86_64-darwin": {
          "outputs": [
            {
              "name": "out",
              "path": "/nix/store/cm1kj0v0xpsql7fww3hv7f3z930k2fnw-clang-wrapper-19.1.7",
              "default": true
            }
          ],
          "store_path": "/nix/store/cm1kj0v0xpsql7fww3hv7f3z930k2fnw-clang-wrapper-19.1.7"
        },
        "x86_64-linux": {
          "outputs": [
            {
              "name": "out",
              "path": "/nix/store/fmysfy9gl5d59yir4fksi29wz10maljg-clang-wrapper-19.1.7",
              "default": true
            }
          ],
          "store_path": "/nix/store/fmysfy9gl5d59yir4fksi29wz10maljg-clang-wrapper-19.1.7"
        }
      }
    },
    "cmake@latest": {
      "last_modified": "2025-05-16T20:19:48Z",
      "resolved": "github:NixOS/nixpkgs/12a55407652e04dcf2309436eb06fef0d3713ef3#cmake",
      "source": "devbox-search",
      "version": "3.31.6",
      "systems": {
        "aarch64-darwin": {
          "outputs": [
            {
              "name": "out",
              "path": "/nix/store/446sv4sjjz03j7zw44icjbd81mfl8inx-cmake-3.31.6",
              "default": true
            }
          ],
          "store_path": "/nix/store/446sv4sjjz03j7zw44icjbd81mfl8inx-cmake-3.31.6"
        },
        "aarch64-linux": {
          "outputs": [
            {
              "name": "out",
              "path": "/nix/store/9cbpyw2256lkll43i97438fhb26h0xvc-cmake-3.31.6",
              "default": true
            },
            {
              "name": "debug",
              "path": "/nix/store/vkkhdc8qyimrpz4zrhwc0bjrmabknwd8-cmake-3.31.6-debug"
            }
          ],
          "store_path": "/nix/store/9cbpyw2256lkll43i97438fhb26h0xvc-cmake-3.31.6"
        },
        "x86_64-darwin": {
          "outputs": [
            {
              "name": "out",
              "path": "/nix/store/rlp1sdsib58dq9bxn0x9cvq54bgfp2j7-cmake-3.31.6",
              "default": true
            }
          ],
          "store_path": "/nix/store/rlp1sdsib58dq9bxn0x9cvq54bgfp2j7-cmake-3.31.6"
        },
        "x86_64-linux": {
          "outputs": [
            {
              "name": "out",
              "path": "/nix/store/wphngc22a7aphbp5pi5jqmqlsqmisgn5-cmake-3.31.6",
              "default": true
            },
            {
              "name": "debug",
              "path": "/nix/store/kdnzgg0361rhg6h8mxhzkw3wvs2c1ffn-cmake-3.31.6-debug"
            }
          ],
          "store_path": "/nix/store/wphngc22a7aphbp5pi5jqmqlsqmisgn5-cmake-3.31.6"
        }
      }
    },
    "github:NixOS/nixpkgs/nixpkgs-unstable": {
      "last_modified": "2025-05-31T03:30:20Z",
      "resolved": "github:NixOS/nixpkgs/59138c7667b7970d205d6a05a8bfa2d78caa3643?lastModified=1748662220&narHash=sha256-7gGa49iB9nCnFk4h%2Fg9zwjlQAyjtpgcFkODjcOQS0Es%3D"
    },
    "stdenv@latest": {
      "last_modified": "2023-02-24T09:01:09Z",
      "resolved": "github:NixOS/nixpkgs/7d0ed7f2e5aea07ab22ccb338d27fbe347ed2f11#stdenv",
      "source": "devbox-search"
    }
  }
}
